
Microsoft Visual Studio Solution File, Format Version 12.00
# Visual Studio Version 17
VisualStudioVersion = 17.9.34622.214
MinimumVisualStudioVersion = 10.0.40219.1
Project("{FAE04EC0-301F-11D3-BF4B-00C04F79EFBC}") = "HW11", "HW11\HW11.csproj", "{3E780B0D-F96D-4BC3-897A-98EB58FF44F7}"
EndProject
Global
	GlobalSection(SolutionConfigurationPlatforms) = preSolution
		Debug|Any CPU = Debug|Any CPU
		Release|Any CPU = Release|Any CPU
	EndGlobalSection
	GlobalSection(ProjectConfigurationPlatforms) = postSolution
		{3E780B0D-F96D-4BC3-897A-98EB58FF44F7}.Debug|Any CPU.ActiveCfg = Debug|Any CPU
		{3E780B0D-F96D-4BC3-897A-98EB58FF44F7}.Debug|Any CPU.Build.0 = Debug|Any CPU
		{3E780B0D-F96D-4BC3-897A-98EB58FF44F7}.Release|Any CPU.ActiveCfg = Release|Any CPU
		{3E780B0D-F96D-4BC3-897A-98EB58FF44F7}.Release|Any CPU.Build.0 = Release|Any CPU
	EndGlobalSection
	GlobalSection(SolutionProperties) = preSolution
		HideSolutionNode = FALSE
	EndGlobalSection
	GlobalSection(ExtensibilityGlobals) = postSolution
		SolutionGuid = {7B4BB3F8-493E-4713-878D-45FE17651AC7}
	EndGlobalSection
EndGlobal
