
Microsoft Visual Studio Solution File, Format Version 12.00
# Visual Studio Version 17
VisualStudioVersion = 17.9.34622.214
MinimumVisualStudioVersion = 10.0.40219.1
Project("{FAE04EC0-301F-11D3-BF4B-00C04F79EFBC}") = "HW10", "HW10\HW10.csproj", "{10BF7271-F512-4317-9888-318AAC0260BB}"
EndProject
Global
	GlobalSection(SolutionConfigurationPlatforms) = preSolution
		Debug|Any CPU = Debug|Any CPU
		Release|Any CPU = Release|Any CPU
	EndGlobalSection
	GlobalSection(ProjectConfigurationPlatforms) = postSolution
		{10BF7271-F512-4317-9888-318AAC0260BB}.Debug|Any CPU.ActiveCfg = Debug|Any CPU
		{10BF7271-F512-4317-9888-318AAC0260BB}.Debug|Any CPU.Build.0 = Debug|Any CPU
		{10BF7271-F512-4317-9888-318AAC0260BB}.Release|Any CPU.ActiveCfg = Release|Any CPU
		{10BF7271-F512-4317-9888-318AAC0260BB}.Release|Any CPU.Build.0 = Release|Any CPU
	EndGlobalSection
	GlobalSection(SolutionProperties) = preSolution
		HideSolutionNode = FALSE
	EndGlobalSection
	GlobalSection(ExtensibilityGlobals) = postSolution
		SolutionGuid = {C4FB6191-B0CE-496D-BE7D-8945EDB8013C}
	EndGlobalSection
EndGlobal
